// !$*UTF8*$!
{
	archiveVersion = 1;
	classes = {
	};
	objectVersion = 46;
	objects = {

/* Begin PBXBuildFile section */
		4B64087E7C38A40D1A491C89 /* Pods_hands.framework in Frameworks */ = {isa = PBXBuildFile; fileRef = 02B648B8FE655AC38377FD49 /* Pods_hands.framework */; };
		5EC04194C693D7CD5691DE06 /* Pods_handsTests.framework in Frameworks */ = {isa = PBXBuildFile; fileRef = 1F2FF5363E251954DB9D6691 /* Pods_handsTests.framework */; };
		6613C7B47FC07050AED8E06C /* Pods_handsUITests.framework in Frameworks */ = {isa = PBXBuildFile; fileRef = 6F63A447E3891D0562C0F05A /* Pods_handsUITests.framework */; };
		E619E6262014DAA800A30592 /* CoreTelephony.framework in Frameworks */ = {isa = PBXBuildFile; fileRef = E619E6252014DAA800A30592 /* CoreTelephony.framework */; };
		E619E6282014DAAF00A30592 /* Security.framework in Frameworks */ = {isa = PBXBuildFile; fileRef = E619E6272014DAAF00A30592 /* Security.framework */; };
		E649CF991FF3BE99005DC4BA /* AppDelegate.swift in Sources */ = {isa = PBXBuildFile; fileRef = E649CF981FF3BE99005DC4BA /* AppDelegate.swift */; };
		E649CFA01FF3BE99005DC4BA /* Assets.xcassets in Resources */ = {isa = PBXBuildFile; fileRef = E649CF9F1FF3BE99005DC4BA /* Assets.xcassets */; };
		E649CFA31FF3BE99005DC4BA /* LaunchScreen.storyboard in Resources */ = {isa = PBXBuildFile; fileRef = E649CFA11FF3BE99005DC4BA /* LaunchScreen.storyboard */; };
		E649CFAE1FF3BE99005DC4BA /* handsTests.swift in Sources */ = {isa = PBXBuildFile; fileRef = E649CFAD1FF3BE99005DC4BA /* handsTests.swift */; };
		E649CFB91FF3BE99005DC4BA /* handsUITests.swift in Sources */ = {isa = PBXBuildFile; fileRef = E649CFB81FF3BE99005DC4BA /* handsUITests.swift */; };
		E6674DFD207D25640031B4A0 /* EditUserInfoViewController.swift in Sources */ = {isa = PBXBuildFile; fileRef = E6674DFC207D25640031B4A0 /* EditUserInfoViewController.swift */; };
		E6674DFF207D25820031B4A0 /* EditUserInfoViewController.storyboard in Resources */ = {isa = PBXBuildFile; fileRef = E6674DFE207D25820031B4A0 /* EditUserInfoViewController.storyboard */; };
		E6674E01207D294C0031B4A0 /* FirebaseViewController.swift in Sources */ = {isa = PBXBuildFile; fileRef = E6674E00207D294C0031B4A0 /* FirebaseViewController.swift */; };
		E6674E05207E67160031B4A0 /* EditUserInfoViewModel.swift in Sources */ = {isa = PBXBuildFile; fileRef = E6674E04207E67160031B4A0 /* EditUserInfoViewModel.swift */; };
		E6674E0D207F07620031B4A0 /* UserModel.swift in Sources */ = {isa = PBXBuildFile; fileRef = E6674E0C207F07620031B4A0 /* UserModel.swift */; };
		E6674E0F207F0C510031B4A0 /* StorageModel.swift in Sources */ = {isa = PBXBuildFile; fileRef = E6674E0E207F0C510031B4A0 /* StorageModel.swift */; };
		E67536972023FBA800CA2E6A /* Bolts.framework in Frameworks */ = {isa = PBXBuildFile; fileRef = E67536962023FBA800CA2E6A /* Bolts.framework */; };
		E67536992023FBB800CA2E6A /* FBSDKCoreKit.framework in Frameworks */ = {isa = PBXBuildFile; fileRef = E67536982023FBB800CA2E6A /* FBSDKCoreKit.framework */; };
		E675369B2023FBC400CA2E6A /* FBSDKLoginKit.framework in Frameworks */ = {isa = PBXBuildFile; fileRef = E675369A2023FBC400CA2E6A /* FBSDKLoginKit.framework */; };
		E6A1AD8B201B54F30044998D /* LineSDK.framework in Frameworks */ = {isa = PBXBuildFile; fileRef = E619E63320172FDD00A30592 /* LineSDK.framework */; };
		E6E58007207BF3AA00BB7EDB /* GoogleService-Info.plist in Resources */ = {isa = PBXBuildFile; fileRef = E6E58006207BF3A900BB7EDB /* GoogleService-Info.plist */; };
		E6E58021207C8FA300BB7EDB /* MainTabViewController.storyboard in Resources */ = {isa = PBXBuildFile; fileRef = E6E58020207C8FA300BB7EDB /* MainTabViewController.storyboard */; };
		E6E58026207C9E7700BB7EDB /* LoginViewController.storyboard in Resources */ = {isa = PBXBuildFile; fileRef = E6E58025207C9E7700BB7EDB /* LoginViewController.storyboard */; };
		E6E58028207C9F9E00BB7EDB /* LoginViewController.swift in Sources */ = {isa = PBXBuildFile; fileRef = E6E58027207C9F9E00BB7EDB /* LoginViewController.swift */; };
		E6F08A06202C9CB10099EBCB /* IntroductionBackground.jpg in Resources */ = {isa = PBXBuildFile; fileRef = E6F08A05202C9CB00099EBCB /* IntroductionBackground.jpg */; };
/* End PBXBuildFile section */

/* Begin PBXContainerItemProxy section */
		E649CFAA1FF3BE99005DC4BA /* PBXContainerItemProxy */ = {
			isa = PBXContainerItemProxy;
			containerPortal = E649CF8D1FF3BE99005DC4BA /* Project object */;
			proxyType = 1;
			remoteGlobalIDString = E649CF941FF3BE99005DC4BA;
			remoteInfo = hands;
		};
		E649CFB51FF3BE99005DC4BA /* PBXContainerItemProxy */ = {
			isa = PBXContainerItemProxy;
			containerPortal = E649CF8D1FF3BE99005DC4BA /* Project object */;
			proxyType = 1;
			remoteGlobalIDString = E649CF941FF3BE99005DC4BA;
			remoteInfo = hands;
		};
/* End PBXContainerItemProxy section */

/* Begin PBXFileReference section */
		02B648B8FE655AC38377FD49 /* Pods_hands.framework */ = {isa = PBXFileReference; explicitFileType = wrapper.framework; includeInIndex = 0; path = Pods_hands.framework; sourceTree = BUILT_PRODUCTS_DIR; };
		1F2FF5363E251954DB9D6691 /* Pods_handsTests.framework */ = {isa = PBXFileReference; explicitFileType = wrapper.framework; includeInIndex = 0; path = Pods_handsTests.framework; sourceTree = BUILT_PRODUCTS_DIR; };
		2C825D71A57D85C227844367 /* Pods-handsTests.debug.xcconfig */ = {isa = PBXFileReference; includeInIndex = 1; lastKnownFileType = text.xcconfig; name = "Pods-handsTests.debug.xcconfig"; path = "Pods/Target Support Files/Pods-handsTests/Pods-handsTests.debug.xcconfig"; sourceTree = "<group>"; };
		3FDD5A3741D840BBBCF4055E /* Pods-handsUITests.release.xcconfig */ = {isa = PBXFileReference; includeInIndex = 1; lastKnownFileType = text.xcconfig; name = "Pods-handsUITests.release.xcconfig"; path = "Pods/Target Support Files/Pods-handsUITests/Pods-handsUITests.release.xcconfig"; sourceTree = "<group>"; };
		4F64F49378AE1C8DEC8F7163 /* Pods-hands.release.xcconfig */ = {isa = PBXFileReference; includeInIndex = 1; lastKnownFileType = text.xcconfig; name = "Pods-hands.release.xcconfig"; path = "Pods/Target Support Files/Pods-hands/Pods-hands.release.xcconfig"; sourceTree = "<group>"; };
		6F63A447E3891D0562C0F05A /* Pods_handsUITests.framework */ = {isa = PBXFileReference; explicitFileType = wrapper.framework; includeInIndex = 0; path = Pods_handsUITests.framework; sourceTree = BUILT_PRODUCTS_DIR; };
		825F35A7544F046B5A6EB9A2 /* Pods-handsUITests.debug.xcconfig */ = {isa = PBXFileReference; includeInIndex = 1; lastKnownFileType = text.xcconfig; name = "Pods-handsUITests.debug.xcconfig"; path = "Pods/Target Support Files/Pods-handsUITests/Pods-handsUITests.debug.xcconfig"; sourceTree = "<group>"; };
		D822B995C5A66D62FE81398C /* Pods-hands.debug.xcconfig */ = {isa = PBXFileReference; includeInIndex = 1; lastKnownFileType = text.xcconfig; name = "Pods-hands.debug.xcconfig"; path = "Pods/Target Support Files/Pods-hands/Pods-hands.debug.xcconfig"; sourceTree = "<group>"; };
		E619E6252014DAA800A30592 /* CoreTelephony.framework */ = {isa = PBXFileReference; lastKnownFileType = wrapper.framework; name = CoreTelephony.framework; path = System/Library/Frameworks/CoreTelephony.framework; sourceTree = SDKROOT; };
		E619E6272014DAAF00A30592 /* Security.framework */ = {isa = PBXFileReference; lastKnownFileType = wrapper.framework; name = Security.framework; path = System/Library/Frameworks/Security.framework; sourceTree = SDKROOT; };
		E619E6292014DE0500A30592 /* hands.entitlements */ = {isa = PBXFileReference; lastKnownFileType = text.plist.entitlements; path = hands.entitlements; sourceTree = "<group>"; };
		E619E63320172FDD00A30592 /* LineSDK.framework */ = {isa = PBXFileReference; lastKnownFileType = wrapper.framework; name = LineSDK.framework; path = Pods/LineSDK/LineSDK/LineSDK.framework; sourceTree = "<group>"; };
		E649CF951FF3BE99005DC4BA /* hands.app */ = {isa = PBXFileReference; explicitFileType = wrapper.application; includeInIndex = 0; path = hands.app; sourceTree = BUILT_PRODUCTS_DIR; };
		E649CF981FF3BE99005DC4BA /* AppDelegate.swift */ = {isa = PBXFileReference; lastKnownFileType = sourcecode.swift; path = AppDelegate.swift; sourceTree = "<group>"; };
		E649CF9F1FF3BE99005DC4BA /* Assets.xcassets */ = {isa = PBXFileReference; lastKnownFileType = folder.assetcatalog; path = Assets.xcassets; sourceTree = "<group>"; };
		E649CFA21FF3BE99005DC4BA /* Base */ = {isa = PBXFileReference; lastKnownFileType = file.storyboard; name = Base; path = Base.lproj/LaunchScreen.storyboard; sourceTree = "<group>"; };
		E649CFA41FF3BE99005DC4BA /* Info.plist */ = {isa = PBXFileReference; lastKnownFileType = text.plist.xml; path = Info.plist; sourceTree = "<group>"; };
		E649CFA91FF3BE99005DC4BA /* handsTests.xctest */ = {isa = PBXFileReference; explicitFileType = wrapper.cfbundle; includeInIndex = 0; path = handsTests.xctest; sourceTree = BUILT_PRODUCTS_DIR; };
		E649CFAD1FF3BE99005DC4BA /* handsTests.swift */ = {isa = PBXFileReference; lastKnownFileType = sourcecode.swift; path = handsTests.swift; sourceTree = "<group>"; };
		E649CFAF1FF3BE99005DC4BA /* Info.plist */ = {isa = PBXFileReference; lastKnownFileType = text.plist.xml; path = Info.plist; sourceTree = "<group>"; };
		E649CFB41FF3BE99005DC4BA /* handsUITests.xctest */ = {isa = PBXFileReference; explicitFileType = wrapper.cfbundle; includeInIndex = 0; path = handsUITests.xctest; sourceTree = BUILT_PRODUCTS_DIR; };
		E649CFB81FF3BE99005DC4BA /* handsUITests.swift */ = {isa = PBXFileReference; lastKnownFileType = sourcecode.swift; path = handsUITests.swift; sourceTree = "<group>"; };
		E649CFBA1FF3BE99005DC4BA /* Info.plist */ = {isa = PBXFileReference; lastKnownFileType = text.plist.xml; path = Info.plist; sourceTree = "<group>"; };
		E6674DFC207D25640031B4A0 /* EditUserInfoViewController.swift */ = {isa = PBXFileReference; lastKnownFileType = sourcecode.swift; path = EditUserInfoViewController.swift; sourceTree = "<group>"; };
		E6674DFE207D25820031B4A0 /* EditUserInfoViewController.storyboard */ = {isa = PBXFileReference; lastKnownFileType = file.storyboard; path = EditUserInfoViewController.storyboard; sourceTree = "<group>"; };
		E6674E00207D294C0031B4A0 /* FirebaseViewController.swift */ = {isa = PBXFileReference; lastKnownFileType = sourcecode.swift; path = FirebaseViewController.swift; sourceTree = "<group>"; };
		E6674E04207E67160031B4A0 /* EditUserInfoViewModel.swift */ = {isa = PBXFileReference; lastKnownFileType = sourcecode.swift; path = EditUserInfoViewModel.swift; sourceTree = "<group>"; };
		E6674E0C207F07620031B4A0 /* UserModel.swift */ = {isa = PBXFileReference; fileEncoding = 4; lastKnownFileType = sourcecode.swift; path = UserModel.swift; sourceTree = "<group>"; };
		E6674E0E207F0C510031B4A0 /* StorageModel.swift */ = {isa = PBXFileReference; lastKnownFileType = sourcecode.swift; path = StorageModel.swift; sourceTree = "<group>"; };
		E67536962023FBA800CA2E6A /* Bolts.framework */ = {isa = PBXFileReference; lastKnownFileType = wrapper.framework; path = Bolts.framework; sourceTree = "<group>"; };
		E67536982023FBB800CA2E6A /* FBSDKCoreKit.framework */ = {isa = PBXFileReference; lastKnownFileType = wrapper.framework; path = FBSDKCoreKit.framework; sourceTree = "<group>"; };
		E675369A2023FBC400CA2E6A /* FBSDKLoginKit.framework */ = {isa = PBXFileReference; lastKnownFileType = wrapper.framework; path = FBSDKLoginKit.framework; sourceTree = "<group>"; };
		E6E58006207BF3A900BB7EDB /* GoogleService-Info.plist */ = {isa = PBXFileReference; fileEncoding = 4; lastKnownFileType = text.plist.xml; path = "GoogleService-Info.plist"; sourceTree = "<group>"; };
		E6E58020207C8FA300BB7EDB /* MainTabViewController.storyboard */ = {isa = PBXFileReference; lastKnownFileType = file.storyboard; path = MainTabViewController.storyboard; sourceTree = "<group>"; };
		E6E58025207C9E7700BB7EDB /* LoginViewController.storyboard */ = {isa = PBXFileReference; lastKnownFileType = file.storyboard; path = LoginViewController.storyboard; sourceTree = "<group>"; };
		E6E58027207C9F9E00BB7EDB /* LoginViewController.swift */ = {isa = PBXFileReference; lastKnownFileType = sourcecode.swift; path = LoginViewController.swift; sourceTree = "<group>"; };
		E6F08A05202C9CB00099EBCB /* IntroductionBackground.jpg */ = {isa = PBXFileReference; lastKnownFileType = image.jpeg; path = IntroductionBackground.jpg; sourceTree = "<group>"; };
		FC29090366883EA81E8F9E0B /* Pods-handsTests.release.xcconfig */ = {isa = PBXFileReference; includeInIndex = 1; lastKnownFileType = text.xcconfig; name = "Pods-handsTests.release.xcconfig"; path = "Pods/Target Support Files/Pods-handsTests/Pods-handsTests.release.xcconfig"; sourceTree = "<group>"; };
/* End PBXFileReference section */

/* Begin PBXFrameworksBuildPhase section */
		E649CF921FF3BE99005DC4BA /* Frameworks */ = {
			isa = PBXFrameworksBuildPhase;
			buildActionMask = 2147483647;
			files = (
				E67536972023FBA800CA2E6A /* Bolts.framework in Frameworks */,
				E67536992023FBB800CA2E6A /* FBSDKCoreKit.framework in Frameworks */,
				E6A1AD8B201B54F30044998D /* LineSDK.framework in Frameworks */,
				E619E6282014DAAF00A30592 /* Security.framework in Frameworks */,
				E675369B2023FBC400CA2E6A /* FBSDKLoginKit.framework in Frameworks */,
				E619E6262014DAA800A30592 /* CoreTelephony.framework in Frameworks */,
				4B64087E7C38A40D1A491C89 /* Pods_hands.framework in Frameworks */,
			);
			runOnlyForDeploymentPostprocessing = 0;
		};
		E649CFA61FF3BE99005DC4BA /* Frameworks */ = {
			isa = PBXFrameworksBuildPhase;
			buildActionMask = 2147483647;
			files = (
				5EC04194C693D7CD5691DE06 /* Pods_handsTests.framework in Frameworks */,
			);
			runOnlyForDeploymentPostprocessing = 0;
		};
		E649CFB11FF3BE99005DC4BA /* Frameworks */ = {
			isa = PBXFrameworksBuildPhase;
			buildActionMask = 2147483647;
			files = (
				6613C7B47FC07050AED8E06C /* Pods_handsUITests.framework in Frameworks */,
			);
			runOnlyForDeploymentPostprocessing = 0;
		};
/* End PBXFrameworksBuildPhase section */

/* Begin PBXGroup section */
		7FF9932BE1AC38EB5CD589EC /* Frameworks */ = {
			isa = PBXGroup;
			children = (
				E675369A2023FBC400CA2E6A /* FBSDKLoginKit.framework */,
				E67536982023FBB800CA2E6A /* FBSDKCoreKit.framework */,
				E67536962023FBA800CA2E6A /* Bolts.framework */,
				E619E63320172FDD00A30592 /* LineSDK.framework */,
				E619E6272014DAAF00A30592 /* Security.framework */,
				E619E6252014DAA800A30592 /* CoreTelephony.framework */,
				02B648B8FE655AC38377FD49 /* Pods_hands.framework */,
				1F2FF5363E251954DB9D6691 /* Pods_handsTests.framework */,
				6F63A447E3891D0562C0F05A /* Pods_handsUITests.framework */,
			);
			name = Frameworks;
			sourceTree = "<group>";
		};
		A04256BBC7009E9187665B68 /* Pods */ = {
			isa = PBXGroup;
			children = (
				D822B995C5A66D62FE81398C /* Pods-hands.debug.xcconfig */,
				4F64F49378AE1C8DEC8F7163 /* Pods-hands.release.xcconfig */,
				2C825D71A57D85C227844367 /* Pods-handsTests.debug.xcconfig */,
				FC29090366883EA81E8F9E0B /* Pods-handsTests.release.xcconfig */,
				825F35A7544F046B5A6EB9A2 /* Pods-handsUITests.debug.xcconfig */,
				3FDD5A3741D840BBBCF4055E /* Pods-handsUITests.release.xcconfig */,
			);
			name = Pods;
			sourceTree = "<group>";
		};
		E649CF8C1FF3BE99005DC4BA = {
			isa = PBXGroup;
			children = (
				E649CF971FF3BE99005DC4BA /* hands */,
				E649CFAC1FF3BE99005DC4BA /* handsTests */,
				E649CFB71FF3BE99005DC4BA /* handsUITests */,
				E649CF961FF3BE99005DC4BA /* Products */,
				A04256BBC7009E9187665B68 /* Pods */,
				7FF9932BE1AC38EB5CD589EC /* Frameworks */,
				E6E58005207BF24000BB7EDB /* Recovered References */,
			);
			sourceTree = "<group>";
		};
		E649CF961FF3BE99005DC4BA /* Products */ = {
			isa = PBXGroup;
			children = (
				E649CF951FF3BE99005DC4BA /* hands.app */,
				E649CFA91FF3BE99005DC4BA /* handsTests.xctest */,
				E649CFB41FF3BE99005DC4BA /* handsUITests.xctest */,
			);
			name = Products;
			sourceTree = "<group>";
		};
		E649CF971FF3BE99005DC4BA /* hands */ = {
			isa = PBXGroup;
			children = (
				E6674DFB207D25320031B4A0 /* EditUserInfoViewController */,
				E6E58024207C9E5E00BB7EDB /* LoginViewController */,
				E619E6292014DE0500A30592 /* hands.entitlements */,
				E649CFDC1FFA64CB005DC4BA /* StoryBoard */,
				E649CF981FF3BE99005DC4BA /* AppDelegate.swift */,
				E6F08A05202C9CB00099EBCB /* IntroductionBackground.jpg */,
				E649CF9F1FF3BE99005DC4BA /* Assets.xcassets */,
				E649CFA41FF3BE99005DC4BA /* Info.plist */,
				E6E58006207BF3A900BB7EDB /* GoogleService-Info.plist */,
				E6E58020207C8FA300BB7EDB /* MainTabViewController.storyboard */,
				E6674E00207D294C0031B4A0 /* FirebaseViewController.swift */,
				E6674E07207F07380031B4A0 /* Model */,
			);
			path = hands;
			sourceTree = "<group>";
		};
		E649CFAC1FF3BE99005DC4BA /* handsTests */ = {
			isa = PBXGroup;
			children = (
				E649CFAD1FF3BE99005DC4BA /* handsTests.swift */,
				E649CFAF1FF3BE99005DC4BA /* Info.plist */,
			);
			path = handsTests;
			sourceTree = "<group>";
		};
		E649CFB71FF3BE99005DC4BA /* handsUITests */ = {
			isa = PBXGroup;
			children = (
				E649CFB81FF3BE99005DC4BA /* handsUITests.swift */,
				E649CFBA1FF3BE99005DC4BA /* Info.plist */,
			);
			path = handsUITests;
			sourceTree = "<group>";
		};
		E649CFDC1FFA64CB005DC4BA /* StoryBoard */ = {
			isa = PBXGroup;
			children = (
				E649CFA11FF3BE99005DC4BA /* LaunchScreen.storyboard */,
			);
			name = StoryBoard;
			path = ..;
			sourceTree = "<group>";
		};
		E6674DFB207D25320031B4A0 /* EditUserInfoViewController */ = {
			isa = PBXGroup;
			children = (
				E6674DFC207D25640031B4A0 /* EditUserInfoViewController.swift */,
				E6674DFE207D25820031B4A0 /* EditUserInfoViewController.storyboard */,
				E6674E04207E67160031B4A0 /* EditUserInfoViewModel.swift */,
			);
			path = EditUserInfoViewController;
			sourceTree = "<group>";
		};
		E6674E07207F07380031B4A0 /* Model */ = {
			isa = PBXGroup;
			children = (
				E6674E0C207F07620031B4A0 /* UserModel.swift */,
				E6674E0E207F0C510031B4A0 /* StorageModel.swift */,
			);
			path = Model;
			sourceTree = "<group>";
		};
		E6E58005207BF24000BB7EDB /* Recovered References */ = {
			isa = PBXGroup;
			children = (
			);
			name = "Recovered References";
			sourceTree = "<group>";
		};
		E6E58024207C9E5E00BB7EDB /* LoginViewController */ = {
			isa = PBXGroup;
			children = (
				E6E58025207C9E7700BB7EDB /* LoginViewController.storyboard */,
				E6E58027207C9F9E00BB7EDB /* LoginViewController.swift */,
			);
			name = LoginViewController;
			path = Login;
			sourceTree = "<group>";
		};
/* End PBXGroup section */

/* Begin PBXNativeTarget section */
		E649CF941FF3BE99005DC4BA /* hands */ = {
			isa = PBXNativeTarget;
			buildConfigurationList = E649CFBD1FF3BE99005DC4BA /* Build configuration list for PBXNativeTarget "hands" */;
			buildPhases = (
				163A6F2958E178876BFCE262 /* [CP] Check Pods Manifest.lock */,
				E649CF911FF3BE99005DC4BA /* Sources */,
				E649CF921FF3BE99005DC4BA /* Frameworks */,
				E649CF931FF3BE99005DC4BA /* Resources */,
				4F8DAA8D6DC4199BD1926D0F /* [CP] Embed Pods Frameworks */,
				F657F06F9BEF6C2F3C7589B0 /* [CP] Copy Pods Resources */,
			);
			buildRules = (
			);
			dependencies = (
			);
			name = hands;
			productName = hands;
			productReference = E649CF951FF3BE99005DC4BA /* hands.app */;
			productType = "com.apple.product-type.application";
		};
		E649CFA81FF3BE99005DC4BA /* handsTests */ = {
			isa = PBXNativeTarget;
			buildConfigurationList = E649CFC01FF3BE99005DC4BA /* Build configuration list for PBXNativeTarget "handsTests" */;
			buildPhases = (
				4F1247A9E41AE6BD3B08DF4F /* [CP] Check Pods Manifest.lock */,
				E649CFA51FF3BE99005DC4BA /* Sources */,
				E649CFA61FF3BE99005DC4BA /* Frameworks */,
				E649CFA71FF3BE99005DC4BA /* Resources */,
				5EA7BD9F7817163923BD2256 /* [CP] Embed Pods Frameworks */,
				F75C80BCE642D150704B8602 /* [CP] Copy Pods Resources */,
			);
			buildRules = (
			);
			dependencies = (
				E649CFAB1FF3BE99005DC4BA /* PBXTargetDependency */,
			);
			name = handsTests;
			productName = handsTests;
			productReference = E649CFA91FF3BE99005DC4BA /* handsTests.xctest */;
			productType = "com.apple.product-type.bundle.unit-test";
		};
		E649CFB31FF3BE99005DC4BA /* handsUITests */ = {
			isa = PBXNativeTarget;
			buildConfigurationList = E649CFC31FF3BE99005DC4BA /* Build configuration list for PBXNativeTarget "handsUITests" */;
			buildPhases = (
				041720121793E267D25BA512 /* [CP] Check Pods Manifest.lock */,
				E649CFB01FF3BE99005DC4BA /* Sources */,
				E649CFB11FF3BE99005DC4BA /* Frameworks */,
				E649CFB21FF3BE99005DC4BA /* Resources */,
				C6226AAFAA4C8B622FDF6E86 /* [CP] Embed Pods Frameworks */,
				278B294517C96878EF1715C8 /* [CP] Copy Pods Resources */,
			);
			buildRules = (
			);
			dependencies = (
				E649CFB61FF3BE99005DC4BA /* PBXTargetDependency */,
			);
			name = handsUITests;
			productName = handsUITests;
			productReference = E649CFB41FF3BE99005DC4BA /* handsUITests.xctest */;
			productType = "com.apple.product-type.bundle.ui-testing";
		};
/* End PBXNativeTarget section */

/* Begin PBXProject section */
		E649CF8D1FF3BE99005DC4BA /* Project object */ = {
			isa = PBXProject;
			attributes = {
				LastSwiftUpdateCheck = 0830;
				LastUpgradeCheck = 0830;
				ORGANIZATIONNAME = KoYamaura;
				TargetAttributes = {
					E649CF941FF3BE99005DC4BA = {
						CreatedOnToolsVersion = 8.3.3;
						DevelopmentTeam = VTFR494599;
						ProvisioningStyle = Automatic;
						SystemCapabilities = {
							com.apple.Keychain = {
								enabled = 1;
							};
						};
					};
					E649CFA81FF3BE99005DC4BA = {
						CreatedOnToolsVersion = 8.3.3;
						ProvisioningStyle = Automatic;
						TestTargetID = E649CF941FF3BE99005DC4BA;
					};
					E649CFB31FF3BE99005DC4BA = {
						CreatedOnToolsVersion = 8.3.3;
						ProvisioningStyle = Automatic;
						TestTargetID = E649CF941FF3BE99005DC4BA;
					};
				};
			};
			buildConfigurationList = E649CF901FF3BE99005DC4BA /* Build configuration list for PBXProject "hands" */;
			compatibilityVersion = "Xcode 3.2";
			developmentRegion = English;
			hasScannedForEncodings = 0;
			knownRegions = (
				en,
				Base,
			);
			mainGroup = E649CF8C1FF3BE99005DC4BA;
			productRefGroup = E649CF961FF3BE99005DC4BA /* Products */;
			projectDirPath = "";
			projectRoot = "";
			targets = (
				E649CF941FF3BE99005DC4BA /* hands */,
				E649CFA81FF3BE99005DC4BA /* handsTests */,
				E649CFB31FF3BE99005DC4BA /* handsUITests */,
			);
		};
/* End PBXProject section */

/* Begin PBXResourcesBuildPhase section */
		E649CF931FF3BE99005DC4BA /* Resources */ = {
			isa = PBXResourcesBuildPhase;
			buildActionMask = 2147483647;
			files = (
				E6F08A06202C9CB10099EBCB /* IntroductionBackground.jpg in Resources */,
				E649CFA31FF3BE99005DC4BA /* LaunchScreen.storyboard in Resources */,
				E6E58021207C8FA300BB7EDB /* MainTabViewController.storyboard in Resources */,
				E6674DFF207D25820031B4A0 /* EditUserInfoViewController.storyboard in Resources */,
				E6E58026207C9E7700BB7EDB /* LoginViewController.storyboard in Resources */,
				E6E58007207BF3AA00BB7EDB /* GoogleService-Info.plist in Resources */,
				E649CFA01FF3BE99005DC4BA /* Assets.xcassets in Resources */,
			);
			runOnlyForDeploymentPostprocessing = 0;
		};
		E649CFA71FF3BE99005DC4BA /* Resources */ = {
			isa = PBXResourcesBuildPhase;
			buildActionMask = 2147483647;
			files = (
			);
			runOnlyForDeploymentPostprocessing = 0;
		};
		E649CFB21FF3BE99005DC4BA /* Resources */ = {
			isa = PBXResourcesBuildPhase;
			buildActionMask = 2147483647;
			files = (
			);
			runOnlyForDeploymentPostprocessing = 0;
		};
/* End PBXResourcesBuildPhase section */

/* Begin PBXShellScriptBuildPhase section */
		041720121793E267D25BA512 /* [CP] Check Pods Manifest.lock */ = {
			isa = PBXShellScriptBuildPhase;
			buildActionMask = 2147483647;
			files = (
			);
			inputPaths = (
			);
			name = "[CP] Check Pods Manifest.lock";
			outputPaths = (
			);
			runOnlyForDeploymentPostprocessing = 0;
			shellPath = /bin/sh;
			shellScript = "diff \"${PODS_PODFILE_DIR_PATH}/Podfile.lock\" \"${PODS_ROOT}/Manifest.lock\" > /dev/null\nif [ $? != 0 ] ; then\n    # print error to STDERR\n    echo \"error: The sandbox is not in sync with the Podfile.lock. Run 'pod install' or update your CocoaPods installation.\" >&2\n    exit 1\nfi\n";
			showEnvVarsInLog = 0;
		};
		163A6F2958E178876BFCE262 /* [CP] Check Pods Manifest.lock */ = {
			isa = PBXShellScriptBuildPhase;
			buildActionMask = 2147483647;
			files = (
			);
			inputPaths = (
			);
			name = "[CP] Check Pods Manifest.lock";
			outputPaths = (
			);
			runOnlyForDeploymentPostprocessing = 0;
			shellPath = /bin/sh;
			shellScript = "diff \"${PODS_PODFILE_DIR_PATH}/Podfile.lock\" \"${PODS_ROOT}/Manifest.lock\" > /dev/null\nif [ $? != 0 ] ; then\n    # print error to STDERR\n    echo \"error: The sandbox is not in sync with the Podfile.lock. Run 'pod install' or update your CocoaPods installation.\" >&2\n    exit 1\nfi\n";
			showEnvVarsInLog = 0;
		};
		278B294517C96878EF1715C8 /* [CP] Copy Pods Resources */ = {
			isa = PBXShellScriptBuildPhase;
			buildActionMask = 2147483647;
			files = (
			);
			inputPaths = (
			);
			name = "[CP] Copy Pods Resources";
			outputPaths = (
			);
			runOnlyForDeploymentPostprocessing = 0;
			shellPath = /bin/sh;
			shellScript = "\"${SRCROOT}/Pods/Target Support Files/Pods-handsUITests/Pods-handsUITests-resources.sh\"\n";
			showEnvVarsInLog = 0;
		};
		4F1247A9E41AE6BD3B08DF4F /* [CP] Check Pods Manifest.lock */ = {
			isa = PBXShellScriptBuildPhase;
			buildActionMask = 2147483647;
			files = (
			);
			inputPaths = (
			);
			name = "[CP] Check Pods Manifest.lock";
			outputPaths = (
			);
			runOnlyForDeploymentPostprocessing = 0;
			shellPath = /bin/sh;
			shellScript = "diff \"${PODS_PODFILE_DIR_PATH}/Podfile.lock\" \"${PODS_ROOT}/Manifest.lock\" > /dev/null\nif [ $? != 0 ] ; then\n    # print error to STDERR\n    echo \"error: The sandbox is not in sync with the Podfile.lock. Run 'pod install' or update your CocoaPods installation.\" >&2\n    exit 1\nfi\n";
			showEnvVarsInLog = 0;
		};
		4F8DAA8D6DC4199BD1926D0F /* [CP] Embed Pods Frameworks */ = {
			isa = PBXShellScriptBuildPhase;
			buildActionMask = 2147483647;
			files = (
			);
			inputPaths = (
			);
			name = "[CP] Embed Pods Frameworks";
			outputPaths = (
			);
			runOnlyForDeploymentPostprocessing = 0;
			shellPath = /bin/sh;
			shellScript = "\"${SRCROOT}/Pods/Target Support Files/Pods-hands/Pods-hands-frameworks.sh\"\n";
			showEnvVarsInLog = 0;
		};
		5EA7BD9F7817163923BD2256 /* [CP] Embed Pods Frameworks */ = {
			isa = PBXShellScriptBuildPhase;
			buildActionMask = 2147483647;
			files = (
			);
			inputPaths = (
			);
			name = "[CP] Embed Pods Frameworks";
			outputPaths = (
			);
			runOnlyForDeploymentPostprocessing = 0;
			shellPath = /bin/sh;
			shellScript = "\"${SRCROOT}/Pods/Target Support Files/Pods-handsTests/Pods-handsTests-frameworks.sh\"\n";
			showEnvVarsInLog = 0;
		};
		C6226AAFAA4C8B622FDF6E86 /* [CP] Embed Pods Frameworks */ = {
			isa = PBXShellScriptBuildPhase;
			buildActionMask = 2147483647;
			files = (
			);
			inputPaths = (
			);
			name = "[CP] Embed Pods Frameworks";
			outputPaths = (
			);
			runOnlyForDeploymentPostprocessing = 0;
			shellPath = /bin/sh;
			shellScript = "\"${SRCROOT}/Pods/Target Support Files/Pods-handsUITests/Pods-handsUITests-frameworks.sh\"\n";
			showEnvVarsInLog = 0;
		};
		F657F06F9BEF6C2F3C7589B0 /* [CP] Copy Pods Resources */ = {
			isa = PBXShellScriptBuildPhase;
			buildActionMask = 2147483647;
			files = (
			);
			inputPaths = (
			);
			name = "[CP] Copy Pods Resources";
			outputPaths = (
			);
			runOnlyForDeploymentPostprocessing = 0;
			shellPath = /bin/sh;
			shellScript = "\"${SRCROOT}/Pods/Target Support Files/Pods-hands/Pods-hands-resources.sh\"\n";
			showEnvVarsInLog = 0;
		};
		F75C80BCE642D150704B8602 /* [CP] Copy Pods Resources */ = {
			isa = PBXShellScriptBuildPhase;
			buildActionMask = 2147483647;
			files = (
			);
			inputPaths = (
			);
			name = "[CP] Copy Pods Resources";
			outputPaths = (
			);
			runOnlyForDeploymentPostprocessing = 0;
			shellPath = /bin/sh;
			shellScript = "\"${SRCROOT}/Pods/Target Support Files/Pods-handsTests/Pods-handsTests-resources.sh\"\n";
			showEnvVarsInLog = 0;
		};
/* End PBXShellScriptBuildPhase section */

/* Begin PBXSourcesBuildPhase section */
		E649CF911FF3BE99005DC4BA /* Sources */ = {
			isa = PBXSourcesBuildPhase;
			buildActionMask = 2147483647;
			files = (
				E6E58028207C9F9E00BB7EDB /* LoginViewController.swift in Sources */,
				E649CF991FF3BE99005DC4BA /* AppDelegate.swift in Sources */,
				E6674E05207E67160031B4A0 /* EditUserInfoViewModel.swift in Sources */,
				E6674DFD207D25640031B4A0 /* EditUserInfoViewController.swift in Sources */,
				E6674E0F207F0C510031B4A0 /* StorageModel.swift in Sources */,
				E6674E0D207F07620031B4A0 /* UserModel.swift in Sources */,
				E6674E01207D294C0031B4A0 /* FirebaseViewController.swift in Sources */,
			);
			runOnlyForDeploymentPostprocessing = 0;
		};
		E649CFA51FF3BE99005DC4BA /* Sources */ = {
			isa = PBXSourcesBuildPhase;
			buildActionMask = 2147483647;
			files = (
				E649CFAE1FF3BE99005DC4BA /* handsTests.swift in Sources */,
			);
			runOnlyForDeploymentPostprocessing = 0;
		};
		E649CFB01FF3BE99005DC4BA /* Sources */ = {
			isa = PBXSourcesBuildPhase;
			buildActionMask = 2147483647;
			files = (
				E649CFB91FF3BE99005DC4BA /* handsUITests.swift in Sources */,
			);
			runOnlyForDeploymentPostprocessing = 0;
		};
/* End PBXSourcesBuildPhase section */

/* Begin PBXTargetDependency section */
		E649CFAB1FF3BE99005DC4BA /* PBXTargetDependency */ = {
			isa = PBXTargetDependency;
			target = E649CF941FF3BE99005DC4BA /* hands */;
			targetProxy = E649CFAA1FF3BE99005DC4BA /* PBXContainerItemProxy */;
		};
		E649CFB61FF3BE99005DC4BA /* PBXTargetDependency */ = {
			isa = PBXTargetDependency;
			target = E649CF941FF3BE99005DC4BA /* hands */;
			targetProxy = E649CFB51FF3BE99005DC4BA /* PBXContainerItemProxy */;
		};
/* End PBXTargetDependency section */

/* Begin PBXVariantGroup section */
		E649CFA11FF3BE99005DC4BA /* LaunchScreen.storyboard */ = {
			isa = PBXVariantGroup;
			children = (
				E649CFA21FF3BE99005DC4BA /* Base */,
			);
			name = LaunchScreen.storyboard;
			path = hands;
			sourceTree = "<group>";
		};
/* End PBXVariantGroup section */

/* Begin XCBuildConfiguration section */
		E649CFBB1FF3BE99005DC4BA /* Debug */ = {
			isa = XCBuildConfiguration;
			buildSettings = {
				ALWAYS_SEARCH_USER_PATHS = NO;
				CLANG_ANALYZER_NONNULL = YES;
				CLANG_ANALYZER_NUMBER_OBJECT_CONVERSION = YES_AGGRESSIVE;
				CLANG_CXX_LANGUAGE_STANDARD = "gnu++0x";
				CLANG_CXX_LIBRARY = "libc++";
				CLANG_ENABLE_MODULES = YES;
				CLANG_ENABLE_OBJC_ARC = YES;
				CLANG_WARN_BOOL_CONVERSION = YES;
				CLANG_WARN_CONSTANT_CONVERSION = YES;
				CLANG_WARN_DIRECT_OBJC_ISA_USAGE = YES_ERROR;
				CLANG_WARN_DOCUMENTATION_COMMENTS = YES;
				CLANG_WARN_EMPTY_BODY = YES;
				CLANG_WARN_ENUM_CONVERSION = YES;
				CLANG_WARN_INFINITE_RECURSION = YES;
				CLANG_WARN_INT_CONVERSION = YES;
				CLANG_WARN_OBJC_ROOT_CLASS = YES_ERROR;
				CLANG_WARN_SUSPICIOUS_MOVE = YES;
				CLANG_WARN_UNREACHABLE_CODE = YES;
				CLANG_WARN__DUPLICATE_METHOD_MATCH = YES;
				"CODE_SIGN_IDENTITY[sdk=iphoneos*]" = "iPhone Developer";
				COPY_PHASE_STRIP = NO;
				DEBUG_INFORMATION_FORMAT = dwarf;
				ENABLE_STRICT_OBJC_MSGSEND = YES;
				ENABLE_TESTABILITY = YES;
				GCC_C_LANGUAGE_STANDARD = gnu99;
				GCC_DYNAMIC_NO_PIC = NO;
				GCC_NO_COMMON_BLOCKS = YES;
				GCC_OPTIMIZATION_LEVEL = 0;
				GCC_PREPROCESSOR_DEFINITIONS = (
					"DEBUG=1",
					"$(inherited)",
				);
				GCC_WARN_64_TO_32_BIT_CONVERSION = YES;
				GCC_WARN_ABOUT_RETURN_TYPE = YES_ERROR;
				GCC_WARN_UNDECLARED_SELECTOR = YES;
				GCC_WARN_UNINITIALIZED_AUTOS = YES_AGGRESSIVE;
				GCC_WARN_UNUSED_FUNCTION = YES;
				GCC_WARN_UNUSED_VARIABLE = YES;
				IPHONEOS_DEPLOYMENT_TARGET = 10.3;
				MTL_ENABLE_DEBUG_INFO = YES;
				ONLY_ACTIVE_ARCH = YES;
				OTHER_LDFLAGS = "";
				SDKROOT = iphoneos;
				SWIFT_ACTIVE_COMPILATION_CONDITIONS = DEBUG;
				SWIFT_OPTIMIZATION_LEVEL = "-Onone";
				TARGETED_DEVICE_FAMILY = "1,2";
			};
			name = Debug;
		};
		E649CFBC1FF3BE99005DC4BA /* Release */ = {
			isa = XCBuildConfiguration;
			buildSettings = {
				ALWAYS_SEARCH_USER_PATHS = NO;
				CLANG_ANALYZER_NONNULL = YES;
				CLANG_ANALYZER_NUMBER_OBJECT_CONVERSION = YES_AGGRESSIVE;
				CLANG_CXX_LANGUAGE_STANDARD = "gnu++0x";
				CLANG_CXX_LIBRARY = "libc++";
				CLANG_ENABLE_MODULES = YES;
				CLANG_ENABLE_OBJC_ARC = YES;
				CLANG_WARN_BOOL_CONVERSION = YES;
				CLANG_WARN_CONSTANT_CONVERSION = YES;
				CLANG_WARN_DIRECT_OBJC_ISA_USAGE = YES_ERROR;
				CLANG_WARN_DOCUMENTATION_COMMENTS = YES;
				CLANG_WARN_EMPTY_BODY = YES;
				CLANG_WARN_ENUM_CONVERSION = YES;
				CLANG_WARN_INFINITE_RECURSION = YES;
				CLANG_WARN_INT_CONVERSION = YES;
				CLANG_WARN_OBJC_ROOT_CLASS = YES_ERROR;
				CLANG_WARN_SUSPICIOUS_MOVE = YES;
				CLANG_WARN_UNREACHABLE_CODE = YES;
				CLANG_WARN__DUPLICATE_METHOD_MATCH = YES;
				"CODE_SIGN_IDENTITY[sdk=iphoneos*]" = "iPhone Developer";
				COPY_PHASE_STRIP = NO;
				DEBUG_INFORMATION_FORMAT = "dwarf-with-dsym";
				ENABLE_NS_ASSERTIONS = NO;
				ENABLE_STRICT_OBJC_MSGSEND = YES;
				GCC_C_LANGUAGE_STANDARD = gnu99;
				GCC_NO_COMMON_BLOCKS = YES;
				GCC_WARN_64_TO_32_BIT_CONVERSION = YES;
				GCC_WARN_ABOUT_RETURN_TYPE = YES_ERROR;
				GCC_WARN_UNDECLARED_SELECTOR = YES;
				GCC_WARN_UNINITIALIZED_AUTOS = YES_AGGRESSIVE;
				GCC_WARN_UNUSED_FUNCTION = YES;
				GCC_WARN_UNUSED_VARIABLE = YES;
				IPHONEOS_DEPLOYMENT_TARGET = 10.3;
				MTL_ENABLE_DEBUG_INFO = NO;
				OTHER_LDFLAGS = "";
				SDKROOT = iphoneos;
				SWIFT_OPTIMIZATION_LEVEL = "-Owholemodule";
				TARGETED_DEVICE_FAMILY = "1,2";
				VALIDATE_PRODUCT = YES;
			};
			name = Release;
		};
		E649CFBE1FF3BE99005DC4BA /* Debug */ = {
			isa = XCBuildConfiguration;
			baseConfigurationReference = D822B995C5A66D62FE81398C /* Pods-hands.debug.xcconfig */;
			buildSettings = {
				ASSETCATALOG_COMPILER_APPICON_NAME = AppIcon;
				CODE_SIGN_ENTITLEMENTS = hands/hands.entitlements;
				DEVELOPMENT_TEAM = VTFR494599;
				FRAMEWORK_SEARCH_PATHS = (
					"$(inherited)",
					"$(PROJECT_DIR)/Pods/LineSDK/LineSDK",
					"$(PROJECT_DIR)",
				);
				INFOPLIST_FILE = hands/Info.plist;
				IPHONEOS_DEPLOYMENT_TARGET = 11.2;
				LD_RUNPATH_SEARCH_PATHS = "$(inherited) @executable_path/Frameworks";
				PRODUCT_BUNDLE_IDENTIFIER = "-886BK756P";
				PRODUCT_NAME = "$(TARGET_NAME)";
				SWIFT_VERSION = 3.0;
				TARGETED_DEVICE_FAMILY = 1;
			};
			name = Debug;
		};
		E649CFBF1FF3BE99005DC4BA /* Release */ = {
			isa = XCBuildConfiguration;
			baseConfigurationReference = 4F64F49378AE1C8DEC8F7163 /* Pods-hands.release.xcconfig */;
			buildSettings = {
				ASSETCATALOG_COMPILER_APPICON_NAME = AppIcon;
				CODE_SIGN_ENTITLEMENTS = hands/hands.entitlements;
				DEVELOPMENT_TEAM = VTFR494599;
				FRAMEWORK_SEARCH_PATHS = (
					"$(inherited)",
					"$(PROJECT_DIR)/Pods/LineSDK/LineSDK",
					"$(PROJECT_DIR)",
				);
				INFOPLIST_FILE = hands/Info.plist;
				IPHONEOS_DEPLOYMENT_TARGET = 11.2;
				LD_RUNPATH_SEARCH_PATHS = "$(inherited) @executable_path/Frameworks";
				PRODUCT_BUNDLE_IDENTIFIER = "-886BK756P";
				PRODUCT_NAME = "$(TARGET_NAME)";
				SWIFT_VERSION = 3.0;
				TARGETED_DEVICE_FAMILY = 1;
			};
			name = Release;
		};
		E649CFC11FF3BE99005DC4BA /* Debug */ = {
			isa = XCBuildConfiguration;
			baseConfigurationReference = 2C825D71A57D85C227844367 /* Pods-handsTests.debug.xcconfig */;
			buildSettings = {
				ALWAYS_EMBED_SWIFT_STANDARD_LIBRARIES = YES;
				BUNDLE_LOADER = "$(TEST_HOST)";
				INFOPLIST_FILE = handsTests/Info.plist;
				LD_RUNPATH_SEARCH_PATHS = "$(inherited) @executable_path/Frameworks @loader_path/Frameworks";
				PRODUCT_BUNDLE_IDENTIFIER = KoYamaura.handsTests;
				PRODUCT_NAME = "$(TARGET_NAME)";
				SWIFT_VERSION = 3.0;
				TEST_HOST = "$(BUILT_PRODUCTS_DIR)/hands.app/hands";
			};
			name = Debug;
		};
		E649CFC21FF3BE99005DC4BA /* Release */ = {
			isa = XCBuildConfiguration;
			baseConfigurationReference = FC29090366883EA81E8F9E0B /* Pods-handsTests.release.xcconfig */;
			buildSettings = {
				ALWAYS_EMBED_SWIFT_STANDARD_LIBRARIES = YES;
				BUNDLE_LOADER = "$(TEST_HOST)";
				INFOPLIST_FILE = handsTests/Info.plist;
				LD_RUNPATH_SEARCH_PATHS = "$(inherited) @executable_path/Frameworks @loader_path/Frameworks";
				PRODUCT_BUNDLE_IDENTIFIER = KoYamaura.handsTests;
				PRODUCT_NAME = "$(TARGET_NAME)";
				SWIFT_VERSION = 3.0;
				TEST_HOST = "$(BUILT_PRODUCTS_DIR)/hands.app/hands";
			};
			name = Release;
		};
		E649CFC41FF3BE99005DC4BA /* Debug */ = {
			isa = XCBuildConfiguration;
			baseConfigurationReference = 825F35A7544F046B5A6EB9A2 /* Pods-handsUITests.debug.xcconfig */;
			buildSettings = {
				ALWAYS_EMBED_SWIFT_STANDARD_LIBRARIES = YES;
				INFOPLIST_FILE = handsUITests/Info.plist;
				LD_RUNPATH_SEARCH_PATHS = "$(inherited) @executable_path/Frameworks @loader_path/Frameworks";
				PRODUCT_BUNDLE_IDENTIFIER = KoYamaura.handsUITests;
				PRODUCT_NAME = "$(TARGET_NAME)";
				SWIFT_VERSION = 3.0;
				TEST_TARGET_NAME = hands;
			};
			name = Debug;
		};
		E649CFC51FF3BE99005DC4BA /* Release */ = {
			isa = XCBuildConfiguration;
			baseConfigurationReference = 3FDD5A3741D840BBBCF4055E /* Pods-handsUITests.release.xcconfig */;
			buildSettings = {
				ALWAYS_EMBED_SWIFT_STANDARD_LIBRARIES = YES;
				INFOPLIST_FILE = handsUITests/Info.plist;
				LD_RUNPATH_SEARCH_PATHS = "$(inherited) @executable_path/Frameworks @loader_path/Frameworks";
				PRODUCT_BUNDLE_IDENTIFIER = KoYamaura.handsUITests;
				PRODUCT_NAME = "$(TARGET_NAME)";
				SWIFT_VERSION = 3.0;
				TEST_TARGET_NAME = hands;
			};
			name = Release;
		};
/* End XCBuildConfiguration section */

/* Begin XCConfigurationList section */
		E649CF901FF3BE99005DC4BA /* Build configuration list for PBXProject "hands" */ = {
			isa = XCConfigurationList;
			buildConfigurations = (
				E649CFBB1FF3BE99005DC4BA /* Debug */,
				E649CFBC1FF3BE99005DC4BA /* Release */,
			);
			defaultConfigurationIsVisible = 0;
			defaultConfigurationName = Release;
		};
		E649CFBD1FF3BE99005DC4BA /* Build configuration list for PBXNativeTarget "hands" */ = {
			isa = XCConfigurationList;
			buildConfigurations = (
				E649CFBE1FF3BE99005DC4BA /* Debug */,
				E649CFBF1FF3BE99005DC4BA /* Release */,
			);
			defaultConfigurationIsVisible = 0;
			defaultConfigurationName = Release;
		};
		E649CFC01FF3BE99005DC4BA /* Build configuration list for PBXNativeTarget "handsTests" */ = {
			isa = XCConfigurationList;
			buildConfigurations = (
				E649CFC11FF3BE99005DC4BA /* Debug */,
				E649CFC21FF3BE99005DC4BA /* Release */,
			);
			defaultConfigurationIsVisible = 0;
			defaultConfigurationName = Release;
		};
		E649CFC31FF3BE99005DC4BA /* Build configuration list for PBXNativeTarget "handsUITests" */ = {
			isa = XCConfigurationList;
			buildConfigurations = (
				E649CFC41FF3BE99005DC4BA /* Debug */,
				E649CFC51FF3BE99005DC4BA /* Release */,
			);
			defaultConfigurationIsVisible = 0;
			defaultConfigurationName = Release;
		};
/* End XCConfigurationList section */
	};
	rootObject = E649CF8D1FF3BE99005DC4BA /* Project object */;
}
